
Microsoft Visual Studio Solution File, Format Version 12.00
# Visual Studio Version 16
VisualStudioVersion = 16.0.29519.87
MinimumVisualStudioVersion = 10.0.40219.1
Project("{FAE04EC0-301F-11D3-BF4B-00C04F79EFBC}") = "RockPaperSicssorLizardSpock", "RockPaperSicssorLizardSpock.csproj", "{0F878997-6BD2-4B0C-B124-2C3820AC0577}"
EndProject
Global
	GlobalSection(SolutionConfigurationPlatforms) = preSolution
		Debug|Any CPU = Debug|Any CPU
		Release|Any CPU = Release|Any CPU
	EndGlobalSection
	GlobalSection(ProjectConfigurationPlatforms) = postSolution
		{0F878997-6BD2-4B0C-B124-2C3820AC0577}.Debug|Any CPU.ActiveCfg = Debug|Any CPU
		{0F878997-6BD2-4B0C-B124-2C3820AC0577}.Debug|Any CPU.Build.0 = Debug|Any CPU
		{0F878997-6BD2-4B0C-B124-2C3820AC0577}.Release|Any CPU.ActiveCfg = Release|Any CPU
		{0F878997-6BD2-4B0C-B124-2C3820AC0577}.Release|Any CPU.Build.0 = Release|Any CPU
	EndGlobalSection
	GlobalSection(SolutionProperties) = preSolution
		HideSolutionNode = FALSE
	EndGlobalSection
	GlobalSection(ExtensibilityGlobals) = postSolution
		SolutionGuid = {91A3065F-DA8C-489E-A41F-B51024A5C51A}
	EndGlobalSection
EndGlobal
