
Microsoft Visual Studio Solution File, Format Version 12.00
# Visual Studio Version 16
VisualStudioVersion = 16.0.29509.3
MinimumVisualStudioVersion = 10.0.40219.1
Project("{FAE04EC0-301F-11D3-BF4B-00C04F79EFBC}") = "RockPaperSicssorLizardSpock", "RockPaperSicssorLizardSpock.csproj", "{B39923FF-4552-4570-8AD5-550CAB10F8F9}"
EndProject
Global
	GlobalSection(SolutionConfigurationPlatforms) = preSolution
		Debug|Any CPU = Debug|Any CPU
		Release|Any CPU = Release|Any CPU
	EndGlobalSection
	GlobalSection(ProjectConfigurationPlatforms) = postSolution
		{B39923FF-4552-4570-8AD5-550CAB10F8F9}.Debug|Any CPU.ActiveCfg = Debug|Any CPU
		{B39923FF-4552-4570-8AD5-550CAB10F8F9}.Debug|Any CPU.Build.0 = Debug|Any CPU
		{B39923FF-4552-4570-8AD5-550CAB10F8F9}.Release|Any CPU.ActiveCfg = Release|Any CPU
		{B39923FF-4552-4570-8AD5-550CAB10F8F9}.Release|Any CPU.Build.0 = Release|Any CPU
	EndGlobalSection
	GlobalSection(SolutionProperties) = preSolution
		HideSolutionNode = FALSE
	EndGlobalSection
	GlobalSection(ExtensibilityGlobals) = postSolution
		SolutionGuid = {2F53C17C-F9B5-402E-ACE2-F41A7FF44B20}
	EndGlobalSection
EndGlobal
